
Microsoft Visual Studio Solution File, Format Version 12.00
# Visual Studio 15
VisualStudioVersion = 15.0.28010.2048
MinimumVisualStudioVersion = 10.0.40219.1
Project("{FAE04EC0-301F-11D3-BF4B-00C04F79EFBC}") = "webNunitTest", "webNunitTest\webNunitTest.csproj", "{B169EEAB-59BF-48BD-A413-205B9E5A212F}"
EndProject
Global
	GlobalSection(SolutionConfigurationPlatforms) = preSolution
		Debug|Any CPU = Debug|Any CPU
		Release|Any CPU = Release|Any CPU
	EndGlobalSection
	GlobalSection(ProjectConfigurationPlatforms) = postSolution
		{B169EEAB-59BF-48BD-A413-205B9E5A212F}.Debug|Any CPU.ActiveCfg = Debug|Any CPU
		{B169EEAB-59BF-48BD-A413-205B9E5A212F}.Debug|Any CPU.Build.0 = Debug|Any CPU
		{B169EEAB-59BF-48BD-A413-205B9E5A212F}.Release|Any CPU.ActiveCfg = Release|Any CPU
		{B169EEAB-59BF-48BD-A413-205B9E5A212F}.Release|Any CPU.Build.0 = Release|Any CPU
	EndGlobalSection
	GlobalSection(SolutionProperties) = preSolution
		HideSolutionNode = FALSE
	EndGlobalSection
	GlobalSection(ExtensibilityGlobals) = postSolution
		SolutionGuid = {83B4F162-2D87-4F4C-ADDA-391196EE8A8F}
	EndGlobalSection
EndGlobal
